
Microsoft Visual Studio Solution File, Format Version 12.00
# Visual Studio Version 17
VisualStudioVersion = 17.8.34330.188
MinimumVisualStudioVersion = 10.0.40219.1
Project("{FAE04EC0-301F-11D3-BF4B-00C04F79EFBC}") = "LinkedList19", "LinkedList19\LinkedList19.csproj", "{C983BB65-0AE7-44C2-8864-34D902B3B331}"
EndProject
Project("{FAE04EC0-301F-11D3-BF4B-00C04F79EFBC}") = "LinkedListBigPicture", "LinkedListBigPicture\LinkedListBigPicture.csproj", "{D672AB84-2814-4840-981B-41C43B5A728E}"
EndProject
Global
	GlobalSection(SolutionConfigurationPlatforms) = preSolution
		Debug|Any CPU = Debug|Any CPU
		Release|Any CPU = Release|Any CPU
	EndGlobalSection
	GlobalSection(ProjectConfigurationPlatforms) = postSolution
		{C983BB65-0AE7-44C2-8864-34D902B3B331}.Debug|Any CPU.ActiveCfg = Debug|Any CPU
		{C983BB65-0AE7-44C2-8864-34D902B3B331}.Debug|Any CPU.Build.0 = Debug|Any CPU
		{C983BB65-0AE7-44C2-8864-34D902B3B331}.Release|Any CPU.ActiveCfg = Release|Any CPU
		{C983BB65-0AE7-44C2-8864-34D902B3B331}.Release|Any CPU.Build.0 = Release|Any CPU
		{D672AB84-2814-4840-981B-41C43B5A728E}.Debug|Any CPU.ActiveCfg = Debug|Any CPU
		{D672AB84-2814-4840-981B-41C43B5A728E}.Debug|Any CPU.Build.0 = Debug|Any CPU
		{D672AB84-2814-4840-981B-41C43B5A728E}.Release|Any CPU.ActiveCfg = Release|Any CPU
		{D672AB84-2814-4840-981B-41C43B5A728E}.Release|Any CPU.Build.0 = Release|Any CPU
	EndGlobalSection
	GlobalSection(SolutionProperties) = preSolution
		HideSolutionNode = FALSE
	EndGlobalSection
	GlobalSection(ExtensibilityGlobals) = postSolution
		SolutionGuid = {2FF204A6-C991-46D8-859E-A16054907DE5}
	EndGlobalSection
EndGlobal
